
Microsoft Visual Studio Solution File, Format Version 11.00
# Visual Studio 2010
Project("{8BC9CEB8-8B4A-11D0-8D11-00A0C91BC942}") = "topdown", "topdown.vcxproj", "{88E2239A-B460-4A25-AA1A-978D6B4AF78C}"
EndProject
Global
	GlobalSection(SolutionConfigurationPlatforms) = preSolution
		Debug|Win32 = Debug|Win32
		Release|Win32 = Release|Win32
	EndGlobalSection
	GlobalSection(ProjectConfigurationPlatforms) = postSolution
		{88E2239A-B460-4A25-AA1A-978D6B4AF78C}.Debug|Win32.ActiveCfg = Debug|Win32
		{88E2239A-B460-4A25-AA1A-978D6B4AF78C}.Debug|Win32.Build.0 = Debug|Win32
		{88E2239A-B460-4A25-AA1A-978D6B4AF78C}.Release|Win32.ActiveCfg = Release|Win32
		{88E2239A-B460-4A25-AA1A-978D6B4AF78C}.Release|Win32.Build.0 = Release|Win32
	EndGlobalSection
	GlobalSection(SolutionProperties) = preSolution
		HideSolutionNode = FALSE
	EndGlobalSection
EndGlobal
